
Microsoft Visual Studio Solution File, Format Version 12.00
# Visual Studio Version 17
VisualStudioVersion = 17.11.35312.102
MinimumVisualStudioVersion = 10.0.40219.1
Project("{FAE04EC0-301F-11D3-BF4B-00C04F79EFBC}") = "100DaysCodeChallenge", "100DaysCodeChallenge.csproj", "{69F3491B-0EA5-46F0-9525-89643ED1BE48}"
EndProject
Global
	GlobalSection(SolutionConfigurationPlatforms) = preSolution
		Debug|Any CPU = Debug|Any CPU
		Release|Any CPU = Release|Any CPU
	EndGlobalSection
	GlobalSection(ProjectConfigurationPlatforms) = postSolution
		{69F3491B-0EA5-46F0-9525-89643ED1BE48}.Debug|Any CPU.ActiveCfg = Debug|Any CPU
		{69F3491B-0EA5-46F0-9525-89643ED1BE48}.Debug|Any CPU.Build.0 = Debug|Any CPU
		{69F3491B-0EA5-46F0-9525-89643ED1BE48}.Release|Any CPU.ActiveCfg = Release|Any CPU
		{69F3491B-0EA5-46F0-9525-89643ED1BE48}.Release|Any CPU.Build.0 = Release|Any CPU
	EndGlobalSection
	GlobalSection(SolutionProperties) = preSolution
		HideSolutionNode = FALSE
	EndGlobalSection
	GlobalSection(ExtensibilityGlobals) = postSolution
		SolutionGuid = {3428CCCB-B5CC-4E84-A39A-BF945897E665}
	EndGlobalSection
EndGlobal
